
Microsoft Visual Studio Solution File, Format Version 12.00
# Visual Studio 15
VisualStudioVersion = 15.0.28307.102
MinimumVisualStudioVersion = 10.0.40219.1
Project("{FAE04EC0-301F-11D3-BF4B-00C04F79EFBC}") = "MvcMusicStore", "MvcMusicStore\MvcMusicStore.csproj", "{8DA25732-C39A-4583-9EF1-6F668AEA7373}"
EndProject
Project("{FAE04EC0-301F-11D3-BF4B-00C04F79EFBC}") = "MvcMusicStore.Tests", "MvcMusicStore.Tests\MvcMusicStore.Tests.csproj", "{AA527599-9D39-4DE9-B727-80F457193B7C}"
EndProject
Global
	GlobalSection(SolutionConfigurationPlatforms) = preSolution
		Debug|Any CPU = Debug|Any CPU
		Release|Any CPU = Release|Any CPU
	EndGlobalSection
	GlobalSection(ProjectConfigurationPlatforms) = postSolution
		{8DA25732-C39A-4583-9EF1-6F668AEA7373}.Debug|Any CPU.ActiveCfg = Debug|Any CPU
		{8DA25732-C39A-4583-9EF1-6F668AEA7373}.Debug|Any CPU.Build.0 = Debug|Any CPU
		{8DA25732-C39A-4583-9EF1-6F668AEA7373}.Release|Any CPU.ActiveCfg = Release|Any CPU
		{8DA25732-C39A-4583-9EF1-6F668AEA7373}.Release|Any CPU.Build.0 = Release|Any CPU
		{AA527599-9D39-4DE9-B727-80F457193B7C}.Debug|Any CPU.ActiveCfg = Debug|Any CPU
		{AA527599-9D39-4DE9-B727-80F457193B7C}.Debug|Any CPU.Build.0 = Debug|Any CPU
		{AA527599-9D39-4DE9-B727-80F457193B7C}.Release|Any CPU.ActiveCfg = Release|Any CPU
		{AA527599-9D39-4DE9-B727-80F457193B7C}.Release|Any CPU.Build.0 = Release|Any CPU
	EndGlobalSection
	GlobalSection(SolutionProperties) = preSolution
		HideSolutionNode = FALSE
	EndGlobalSection
	GlobalSection(ExtensibilityGlobals) = postSolution
		SolutionGuid = {01A47C88-116C-448D-B292-76B9B14B1EB1}
	EndGlobalSection
EndGlobal
